
Microsoft Visual Studio Solution File, Format Version 12.00
# Visual Studio Version 17
VisualStudioVersion = 17.11.35312.102
MinimumVisualStudioVersion = 10.0.40219.1
Project("{FAE04EC0-301F-11D3-BF4B-00C04F79EFBC}") = "pokergame", "pokergame.csproj", "{7151BA76-95B7-4C21-836F-D2C96AE32E4C}"
EndProject
Global
	GlobalSection(SolutionConfigurationPlatforms) = preSolution
		Debug|Any CPU = Debug|Any CPU
		Release|Any CPU = Release|Any CPU
	EndGlobalSection
	GlobalSection(ProjectConfigurationPlatforms) = postSolution
		{7151BA76-95B7-4C21-836F-D2C96AE32E4C}.Debug|Any CPU.ActiveCfg = Debug|Any CPU
		{7151BA76-95B7-4C21-836F-D2C96AE32E4C}.Debug|Any CPU.Build.0 = Debug|Any CPU
		{7151BA76-95B7-4C21-836F-D2C96AE32E4C}.Release|Any CPU.ActiveCfg = Release|Any CPU
		{7151BA76-95B7-4C21-836F-D2C96AE32E4C}.Release|Any CPU.Build.0 = Release|Any CPU
	EndGlobalSection
	GlobalSection(SolutionProperties) = preSolution
		HideSolutionNode = FALSE
	EndGlobalSection
	GlobalSection(ExtensibilityGlobals) = postSolution
		SolutionGuid = {F5ED46BE-E209-4B75-9CEF-9A1766D2FF3A}
	EndGlobalSection
EndGlobal
